
Microsoft Visual Studio Solution File, Format Version 12.00
# Visual Studio Version 16
VisualStudioVersion = 16.0.31515.178
MinimumVisualStudioVersion = 10.0.40219.1
Project("{FAE04EC0-301F-11D3-BF4B-00C04F79EFBC}") = "EscuelaDeConexionn", "PARCIAL2\EscuelaDeConexionn.csproj", "{C7ED8988-103B-4D2D-9F98-BA9466356C79}"
EndProject
Global
	GlobalSection(SolutionConfigurationPlatforms) = preSolution
		Debug|Any CPU = Debug|Any CPU
		Release|Any CPU = Release|Any CPU
	EndGlobalSection
	GlobalSection(ProjectConfigurationPlatforms) = postSolution
		{C7ED8988-103B-4D2D-9F98-BA9466356C79}.Debug|Any CPU.ActiveCfg = Debug|Any CPU
		{C7ED8988-103B-4D2D-9F98-BA9466356C79}.Debug|Any CPU.Build.0 = Debug|Any CPU
		{C7ED8988-103B-4D2D-9F98-BA9466356C79}.Release|Any CPU.ActiveCfg = Release|Any CPU
		{C7ED8988-103B-4D2D-9F98-BA9466356C79}.Release|Any CPU.Build.0 = Release|Any CPU
	EndGlobalSection
	GlobalSection(SolutionProperties) = preSolution
		HideSolutionNode = FALSE
	EndGlobalSection
	GlobalSection(ExtensibilityGlobals) = postSolution
		SolutionGuid = {0A8669B0-9C74-4321-8C07-8DDB53D44029}
	EndGlobalSection
EndGlobal
